
Microsoft Visual Studio Solution File, Format Version 12.00
# Visual Studio 15
VisualStudioVersion = 15.0.27130.2026
MinimumVisualStudioVersion = 10.0.40219.1
Project("{8BC9CEB8-8B4A-11D0-8D11-00A0C91BC942}") = "Eje2.23", "Eje2.23\Eje2.23.vcxproj", "{9CA63ABF-99DC-4DD4-88B6-54B14A82157E}"
EndProject
Project("{8BC9CEB8-8B4A-11D0-8D11-00A0C91BC942}") = "Eje2.24", "Eje2.24\Eje2.24.vcxproj", "{7B65CB15-62F6-4483-9A98-747EA0240E1E}"
EndProject
Project("{8BC9CEB8-8B4A-11D0-8D11-00A0C91BC942}") = "Eje2.25", "Eje2.25\Eje2.25.vcxproj", "{5A60C025-4A2D-4CAF-8131-7217BC1DD341}"
EndProject
Project("{8BC9CEB8-8B4A-11D0-8D11-00A0C91BC942}") = "Eje4.13", "Eje4.13\Eje4.13.vcxproj", "{FDE35C7A-7A81-4BE6-962A-572D444A8C6D}"
EndProject
Project("{8BC9CEB8-8B4A-11D0-8D11-00A0C91BC942}") = "Eje4.15", "Eje4.15\Eje4.15.vcxproj", "{D6BD03E9-40E4-43FC-BADB-4E7A5CDF5778}"
EndProject
Project("{8BC9CEB8-8B4A-11D0-8D11-00A0C91BC942}") = "Eje4.16", "Eje4.16\Eje4.16.vcxproj", "{1F5F3057-0762-4F37-B1FA-FA90446A422A}"
EndProject
Project("{8BC9CEB8-8B4A-11D0-8D11-00A0C91BC942}") = "Eje4.26", "Eje4.26\Eje4.26.vcxproj", "{6B3BED4E-97F8-45DF-9445-FDF54F6516C0}"
EndProject
Project("{8BC9CEB8-8B4A-11D0-8D11-00A0C91BC942}") = "Eje4.30", "Eje4.30\Eje4.30.vcxproj", "{E9A9CA80-9068-4413-B6F8-2EA561C3579C}"
EndProject
Global
	GlobalSection(SolutionConfigurationPlatforms) = preSolution
		Debug|x64 = Debug|x64
		Debug|x86 = Debug|x86
		Release|x64 = Release|x64
		Release|x86 = Release|x86
	EndGlobalSection
	GlobalSection(ProjectConfigurationPlatforms) = postSolution
		{9CA63ABF-99DC-4DD4-88B6-54B14A82157E}.Debug|x64.ActiveCfg = Debug|x64
		{9CA63ABF-99DC-4DD4-88B6-54B14A82157E}.Debug|x64.Build.0 = Debug|x64
		{9CA63ABF-99DC-4DD4-88B6-54B14A82157E}.Debug|x86.ActiveCfg = Debug|Win32
		{9CA63ABF-99DC-4DD4-88B6-54B14A82157E}.Debug|x86.Build.0 = Debug|Win32
		{9CA63ABF-99DC-4DD4-88B6-54B14A82157E}.Release|x64.ActiveCfg = Release|x64
		{9CA63ABF-99DC-4DD4-88B6-54B14A82157E}.Release|x64.Build.0 = Release|x64
		{9CA63ABF-99DC-4DD4-88B6-54B14A82157E}.Release|x86.ActiveCfg = Release|Win32
		{9CA63ABF-99DC-4DD4-88B6-54B14A82157E}.Release|x86.Build.0 = Release|Win32
		{7B65CB15-62F6-4483-9A98-747EA0240E1E}.Debug|x64.ActiveCfg = Debug|x64
		{7B65CB15-62F6-4483-9A98-747EA0240E1E}.Debug|x64.Build.0 = Debug|x64
		{7B65CB15-62F6-4483-9A98-747EA0240E1E}.Debug|x86.ActiveCfg = Debug|Win32
		{7B65CB15-62F6-4483-9A98-747EA0240E1E}.Debug|x86.Build.0 = Debug|Win32
		{7B65CB15-62F6-4483-9A98-747EA0240E1E}.Release|x64.ActiveCfg = Release|x64
		{7B65CB15-62F6-4483-9A98-747EA0240E1E}.Release|x64.Build.0 = Release|x64
		{7B65CB15-62F6-4483-9A98-747EA0240E1E}.Release|x86.ActiveCfg = Release|Win32
		{7B65CB15-62F6-4483-9A98-747EA0240E1E}.Release|x86.Build.0 = Release|Win32
		{5A60C025-4A2D-4CAF-8131-7217BC1DD341}.Debug|x64.ActiveCfg = Debug|x64
		{5A60C025-4A2D-4CAF-8131-7217BC1DD341}.Debug|x64.Build.0 = Debug|x64
		{5A60C025-4A2D-4CAF-8131-7217BC1DD341}.Debug|x86.ActiveCfg = Debug|Win32
		{5A60C025-4A2D-4CAF-8131-7217BC1DD341}.Debug|x86.Build.0 = Debug|Win32
		{5A60C025-4A2D-4CAF-8131-7217BC1DD341}.Release|x64.ActiveCfg = Release|x64
		{5A60C025-4A2D-4CAF-8131-7217BC1DD341}.Release|x64.Build.0 = Release|x64
		{5A60C025-4A2D-4CAF-8131-7217BC1DD341}.Release|x86.ActiveCfg = Release|Win32
		{5A60C025-4A2D-4CAF-8131-7217BC1DD341}.Release|x86.Build.0 = Release|Win32
		{FDE35C7A-7A81-4BE6-962A-572D444A8C6D}.Debug|x64.ActiveCfg = Debug|x64
		{FDE35C7A-7A81-4BE6-962A-572D444A8C6D}.Debug|x64.Build.0 = Debug|x64
		{FDE35C7A-7A81-4BE6-962A-572D444A8C6D}.Debug|x86.ActiveCfg = Debug|Win32
		{FDE35C7A-7A81-4BE6-962A-572D444A8C6D}.Debug|x86.Build.0 = Debug|Win32
		{FDE35C7A-7A81-4BE6-962A-572D444A8C6D}.Release|x64.ActiveCfg = Release|x64
		{FDE35C7A-7A81-4BE6-962A-572D444A8C6D}.Release|x64.Build.0 = Release|x64
		{FDE35C7A-7A81-4BE6-962A-572D444A8C6D}.Release|x86.ActiveCfg = Release|Win32
		{FDE35C7A-7A81-4BE6-962A-572D444A8C6D}.Release|x86.Build.0 = Release|Win32
		{D6BD03E9-40E4-43FC-BADB-4E7A5CDF5778}.Debug|x64.ActiveCfg = Debug|x64
		{D6BD03E9-40E4-43FC-BADB-4E7A5CDF5778}.Debug|x64.Build.0 = Debug|x64
		{D6BD03E9-40E4-43FC-BADB-4E7A5CDF5778}.Debug|x86.ActiveCfg = Debug|Win32
		{D6BD03E9-40E4-43FC-BADB-4E7A5CDF5778}.Debug|x86.Build.0 = Debug|Win32
		{D6BD03E9-40E4-43FC-BADB-4E7A5CDF5778}.Release|x64.ActiveCfg = Release|x64
		{D6BD03E9-40E4-43FC-BADB-4E7A5CDF5778}.Release|x64.Build.0 = Release|x64
		{D6BD03E9-40E4-43FC-BADB-4E7A5CDF5778}.Release|x86.ActiveCfg = Release|Win32
		{D6BD03E9-40E4-43FC-BADB-4E7A5CDF5778}.Release|x86.Build.0 = Release|Win32
		{1F5F3057-0762-4F37-B1FA-FA90446A422A}.Debug|x64.ActiveCfg = Debug|x64
		{1F5F3057-0762-4F37-B1FA-FA90446A422A}.Debug|x64.Build.0 = Debug|x64
		{1F5F3057-0762-4F37-B1FA-FA90446A422A}.Debug|x86.ActiveCfg = Debug|Win32
		{1F5F3057-0762-4F37-B1FA-FA90446A422A}.Debug|x86.Build.0 = Debug|Win32
		{1F5F3057-0762-4F37-B1FA-FA90446A422A}.Release|x64.ActiveCfg = Release|x64
		{1F5F3057-0762-4F37-B1FA-FA90446A422A}.Release|x64.Build.0 = Release|x64
		{1F5F3057-0762-4F37-B1FA-FA90446A422A}.Release|x86.ActiveCfg = Release|Win32
		{1F5F3057-0762-4F37-B1FA-FA90446A422A}.Release|x86.Build.0 = Release|Win32
		{6B3BED4E-97F8-45DF-9445-FDF54F6516C0}.Debug|x64.ActiveCfg = Debug|x64
		{6B3BED4E-97F8-45DF-9445-FDF54F6516C0}.Debug|x64.Build.0 = Debug|x64
		{6B3BED4E-97F8-45DF-9445-FDF54F6516C0}.Debug|x86.ActiveCfg = Debug|Win32
		{6B3BED4E-97F8-45DF-9445-FDF54F6516C0}.Debug|x86.Build.0 = Debug|Win32
		{6B3BED4E-97F8-45DF-9445-FDF54F6516C0}.Release|x64.ActiveCfg = Release|x64
		{6B3BED4E-97F8-45DF-9445-FDF54F6516C0}.Release|x64.Build.0 = Release|x64
		{6B3BED4E-97F8-45DF-9445-FDF54F6516C0}.Release|x86.ActiveCfg = Release|Win32
		{6B3BED4E-97F8-45DF-9445-FDF54F6516C0}.Release|x86.Build.0 = Release|Win32
		{E9A9CA80-9068-4413-B6F8-2EA561C3579C}.Debug|x64.ActiveCfg = Debug|x64
		{E9A9CA80-9068-4413-B6F8-2EA561C3579C}.Debug|x64.Build.0 = Debug|x64
		{E9A9CA80-9068-4413-B6F8-2EA561C3579C}.Debug|x86.ActiveCfg = Debug|Win32
		{E9A9CA80-9068-4413-B6F8-2EA561C3579C}.Debug|x86.Build.0 = Debug|Win32
		{E9A9CA80-9068-4413-B6F8-2EA561C3579C}.Release|x64.ActiveCfg = Release|x64
		{E9A9CA80-9068-4413-B6F8-2EA561C3579C}.Release|x64.Build.0 = Release|x64
		{E9A9CA80-9068-4413-B6F8-2EA561C3579C}.Release|x86.ActiveCfg = Release|Win32
		{E9A9CA80-9068-4413-B6F8-2EA561C3579C}.Release|x86.Build.0 = Release|Win32
	EndGlobalSection
	GlobalSection(SolutionProperties) = preSolution
		HideSolutionNode = FALSE
	EndGlobalSection
	GlobalSection(ExtensibilityGlobals) = postSolution
		SolutionGuid = {FFE8306F-0C29-4AAF-98D1-5E1C92D74DFD}
	EndGlobalSection
EndGlobal
